
Microsoft Visual Studio Solution File, Format Version 12.00
# Visual Studio Version 17
VisualStudioVersion = 17.13.35931.197 d17.13
MinimumVisualStudioVersion = 10.0.40219.1
Project("{FAE04EC0-301F-11D3-BF4B-00C04F79EFBC}") = "AppHost1", "AppHost1\AppHost1.csproj", "{A2527002-D5D7-4837-9DAA-E998AC3F1591}"
EndProject
Project("{FAE04EC0-301F-11D3-BF4B-00C04F79EFBC}") = "WebApplication1", "..\WebApplication1\WebApplication1.csproj", "{7832C662-C603-0066-54F9-424A6A3EF9FD}"
EndProject
Global
	GlobalSection(SolutionConfigurationPlatforms) = preSolution
		Debug|Any CPU = Debug|Any CPU
		Release|Any CPU = Release|Any CPU
	EndGlobalSection
	GlobalSection(ProjectConfigurationPlatforms) = postSolution
		{A2527002-D5D7-4837-9DAA-E998AC3F1591}.Debug|Any CPU.ActiveCfg = Debug|Any CPU
		{A2527002-D5D7-4837-9DAA-E998AC3F1591}.Debug|Any CPU.Build.0 = Debug|Any CPU
		{A2527002-D5D7-4837-9DAA-E998AC3F1591}.Release|Any CPU.ActiveCfg = Release|Any CPU
		{A2527002-D5D7-4837-9DAA-E998AC3F1591}.Release|Any CPU.Build.0 = Release|Any CPU
		{7832C662-C603-0066-54F9-424A6A3EF9FD}.Debug|Any CPU.ActiveCfg = Debug|Any CPU
		{7832C662-C603-0066-54F9-424A6A3EF9FD}.Debug|Any CPU.Build.0 = Debug|Any CPU
		{7832C662-C603-0066-54F9-424A6A3EF9FD}.Release|Any CPU.ActiveCfg = Release|Any CPU
		{7832C662-C603-0066-54F9-424A6A3EF9FD}.Release|Any CPU.Build.0 = Release|Any CPU
	EndGlobalSection
	GlobalSection(SolutionProperties) = preSolution
		HideSolutionNode = FALSE
	EndGlobalSection
	GlobalSection(ExtensibilityGlobals) = postSolution
		SolutionGuid = {AB98A262-AE2D-4127-99E9-3BC1209191C6}
	EndGlobalSection
EndGlobal
